
Microsoft Visual Studio Solution File, Format Version 12.00
# Visual Studio Version 17
VisualStudioVersion = 17.12.35527.113
MinimumVisualStudioVersion = 10.0.40219.1
Project("{2150E333-8FDC-42A3-9474-1A3956D46DE8}") = "Task0", "Task0", "{F583A08A-F5D3-429C-86E9-5EE8828F3359}"
EndProject
Project("{FAE04EC0-301F-11D3-BF4B-00C04F79EFBC}") = "Tyuiu.KhakimovDKh.Sprint0.V0", "Tyuiu.KhakimovDKh.Sprint0.V0\Tyuiu.KhakimovDKh.Sprint0.V0.csproj", "{7F2D035B-6F7D-49EA-8272-34D8ED187B8E}"
EndProject
Project("{2150E333-8FDC-42A3-9474-1A3956D46DE8}") = "Task1", "Task1", "{8D411C28-9DF0-4FDA-9EF0-5A1637CBF695}"
EndProject
Project("{FAE04EC0-301F-11D3-BF4B-00C04F79EFBC}") = "Tyuiu.KhakimovDKh.Sprint0.Task1.V0", "Tyuiu.KhakimovDKh.Sprint0.Task1.V0\Tyuiu.KhakimovDKh.Sprint0.Task1.V0.csproj", "{81956B6E-1C0C-41EC-A507-D13EAC803E12}"
EndProject
Project("{2150E333-8FDC-42A3-9474-1A3956D46DE8}") = "Task2", "Task2", "{70212B89-B5B1-4631-A640-DBF989A1CE2D}"
EndProject
Project("{FAE04EC0-301F-11D3-BF4B-00C04F79EFBC}") = "Tyuiu.KhakimovDKh.Sprint0.Task2.V1", "Tyuiu.KhakimovDKh.Sprint0.Task2.V0\Tyuiu.KhakimovDKh.Sprint0.Task2.V1.csproj", "{1B6B7FB6-3063-4DDA-89AC-C9BF26A4C916}"
EndProject
Project("{FAE04EC0-301F-11D3-BF4B-00C04F79EFBC}") = "Tyuiu.KhakimovDKh.Sprint0.Task2.V1.Lib", "Tyuiu.KhakimovDKh.Sprint0.Task2.V0.Lib\Tyuiu.KhakimovDKh.Sprint0.Task2.V1.Lib.csproj", "{EC65FD9B-0431-4612-9BC2-E33D66B61499}"
EndProject
Project("{FAE04EC0-301F-11D3-BF4B-00C04F79EFBC}") = "Tyuiu.KhakimovDKh.Sprint0.Task2.V1.Test", "Tyuiu.KhakimovDKh.Sprint0.Task2.V0.Test\Tyuiu.KhakimovDKh.Sprint0.Task2.V1.Test.csproj", "{28F9BCD0-2BA2-4F38-BBEF-1ECCCABFC177}"
EndProject
Project("{2150E333-8FDC-42A3-9474-1A3956D46DE8}") = "Task3", "Task3", "{92A7919C-FF84-40F8-AF58-7FA0AB5E8515}"
EndProject
Project("{FAE04EC0-301F-11D3-BF4B-00C04F79EFBC}") = "Tyuiu.KhakimovDKh.Sprint0.Task3.V0", "Tyuiu.KhakimovDKh.Sprint0.Task3.V0\Tyuiu.KhakimovDKh.Sprint0.Task3.V0.csproj", "{4D5A1411-3540-44AC-A64E-6E50DDDAE8E8}"
EndProject
Project("{FAE04EC0-301F-11D3-BF4B-00C04F79EFBC}") = "Tyuiu.KhakimovDKh.Sprint0.Task3.V0.Lib", "Tyuiu.KhakimovDKh.Sprint0.Task3.V0.Lib\Tyuiu.KhakimovDKh.Sprint0.Task3.V0.Lib.csproj", "{8D0B2374-A9D8-4772-BE7E-273D2A91B928}"
EndProject
Project("{FAE04EC0-301F-11D3-BF4B-00C04F79EFBC}") = "Tyuiu.KhakimovDKh.Sprint0.Task3.V0.Test", "Tyuiu.KhakimovDKh.Sprint0.Task3.V0.Test\Tyuiu.KhakimovDKh.Sprint0.Task3.V0.Test.csproj", "{247A26E0-9219-4155-8CA8-33FE7EAD77AC}"
EndProject
Project("{2150E333-8FDC-42A3-9474-1A3956D46DE8}") = "Task4", "Task4", "{AF03AE40-303B-4E66-8112-E233C4A42856}"
EndProject
Project("{FAE04EC0-301F-11D3-BF4B-00C04F79EFBC}") = "Tyuiu.KhakimovDKh.Sprint0.Task4.V0", "Tyuiu.KhakimovDKh.Sprint0.Task4.V0\Tyuiu.KhakimovDKh.Sprint0.Task4.V0.csproj", "{4EB17387-5B91-4287-B814-59912009926E}"
EndProject
Project("{FAE04EC0-301F-11D3-BF4B-00C04F79EFBC}") = "Tyuiu.KhakimovDKh.Sprint0.Task4.V0.Lib", "Tyuiu.KhakimovDKh.Sprint0.Task4.V0.Lib\Tyuiu.KhakimovDKh.Sprint0.Task4.V0.Lib.csproj", "{F1F52FF7-D17A-44AB-BCFF-02A9E9CF3050}"
EndProject
Project("{FAE04EC0-301F-11D3-BF4B-00C04F79EFBC}") = "Tyuiu.KhakimovDKh.Sprint0.Task4.V0.Test", "Tyuiu.KhakimovDKh.Sprint0.Task4.V0.Test\Tyuiu.KhakimovDKh.Sprint0.Task4.V0.Test.csproj", "{B131F57B-EFB9-4F0E-A360-AA107C879A2F}"
EndProject
Project("{2150E333-8FDC-42A3-9474-1A3956D46DE8}") = "Task5", "Task5", "{008C2528-D166-470E-B853-99F36C69E808}"
EndProject
Project("{FAE04EC0-301F-11D3-BF4B-00C04F79EFBC}") = "Tyuiu.KhakimovDKh.Sprint0.Task5.V0.Test", "Tyuiu.KhakimovDKh.Sprint0.Task5.V0.Test\Tyuiu.KhakimovDKh.Sprint0.Task5.V0.Test.csproj", "{718CDE61-7D25-4096-BAEB-4FFC0A738784}"
EndProject
Project("{FAE04EC0-301F-11D3-BF4B-00C04F79EFBC}") = "Tyuiu.KhakimovDKh.Sprint0.Task5.V0.Lib", "Tyuiu.KhakimovDKh.Sprint0.Task5.V0.Lib\Tyuiu.KhakimovDKh.Sprint0.Task5.V0.Lib.csproj", "{E385E29E-78CD-4D78-9D73-07C5D9E8EF9E}"
EndProject
Project("{FAE04EC0-301F-11D3-BF4B-00C04F79EFBC}") = "Tyuiu.KhakimovDKh.Sprint0.Task5.V0", "Tyuiu.KhakimovDKh.Sprint0.Task5.V0\Tyuiu.KhakimovDKh.Sprint0.Task5.V0.csproj", "{8A4C91F7-8EDD-45CC-841D-121A74D893D0}"
EndProject
Project("{2150E333-8FDC-42A3-9474-1A3956D46DE8}") = "Task6", "Task6", "{8C261CF0-8113-4FFD-B069-6ED762CEDE09}"
EndProject
Project("{FAE04EC0-301F-11D3-BF4B-00C04F79EFBC}") = "Tyuiu.KhakimovDKh.Sprint0.Task6.V0", "Tyuiu.KhakimovDKh.Sprint0.Task6.V0\Tyuiu.KhakimovDKh.Sprint0.Task6.V0.csproj", "{EF5F32BC-CF71-4FAA-9C92-79204D9432B3}"
EndProject
Project("{FAE04EC0-301F-11D3-BF4B-00C04F79EFBC}") = "Tyuiu.KhakimovDKh.Sprint0.Task6.V0.Lib", "Tyuiu.KhakimovDKh.Sprint0.Task6.V0.Lib\Tyuiu.KhakimovDKh.Sprint0.Task6.V0.Lib.csproj", "{291BF069-2396-4CCE-B7C5-A2A462A115AA}"
EndProject
Project("{FAE04EC0-301F-11D3-BF4B-00C04F79EFBC}") = "Tyuiu.KhakimovDKh.Sprint0.Task6.V0.Test", "Tyuiu.KhakimovDKh.Sprint0.Task6.V0.Test\Tyuiu.KhakimovDKh.Sprint0.Task6.V0.Test.csproj", "{C4B38CB6-A0F3-4A6B-819C-B7CFEE28E6C4}"
EndProject
Global
	GlobalSection(SolutionConfigurationPlatforms) = preSolution
		Debug|Any CPU = Debug|Any CPU
		Release|Any CPU = Release|Any CPU
	EndGlobalSection
	GlobalSection(ProjectConfigurationPlatforms) = postSolution
		{7F2D035B-6F7D-49EA-8272-34D8ED187B8E}.Debug|Any CPU.ActiveCfg = Debug|Any CPU
		{7F2D035B-6F7D-49EA-8272-34D8ED187B8E}.Debug|Any CPU.Build.0 = Debug|Any CPU
		{7F2D035B-6F7D-49EA-8272-34D8ED187B8E}.Release|Any CPU.ActiveCfg = Release|Any CPU
		{7F2D035B-6F7D-49EA-8272-34D8ED187B8E}.Release|Any CPU.Build.0 = Release|Any CPU
		{81956B6E-1C0C-41EC-A507-D13EAC803E12}.Debug|Any CPU.ActiveCfg = Debug|Any CPU
		{81956B6E-1C0C-41EC-A507-D13EAC803E12}.Debug|Any CPU.Build.0 = Debug|Any CPU
		{81956B6E-1C0C-41EC-A507-D13EAC803E12}.Release|Any CPU.ActiveCfg = Release|Any CPU
		{81956B6E-1C0C-41EC-A507-D13EAC803E12}.Release|Any CPU.Build.0 = Release|Any CPU
		{1B6B7FB6-3063-4DDA-89AC-C9BF26A4C916}.Debug|Any CPU.ActiveCfg = Debug|Any CPU
		{1B6B7FB6-3063-4DDA-89AC-C9BF26A4C916}.Debug|Any CPU.Build.0 = Debug|Any CPU
		{1B6B7FB6-3063-4DDA-89AC-C9BF26A4C916}.Release|Any CPU.ActiveCfg = Release|Any CPU
		{1B6B7FB6-3063-4DDA-89AC-C9BF26A4C916}.Release|Any CPU.Build.0 = Release|Any CPU
		{EC65FD9B-0431-4612-9BC2-E33D66B61499}.Debug|Any CPU.ActiveCfg = Debug|Any CPU
		{EC65FD9B-0431-4612-9BC2-E33D66B61499}.Debug|Any CPU.Build.0 = Debug|Any CPU
		{EC65FD9B-0431-4612-9BC2-E33D66B61499}.Release|Any CPU.ActiveCfg = Release|Any CPU
		{EC65FD9B-0431-4612-9BC2-E33D66B61499}.Release|Any CPU.Build.0 = Release|Any CPU
		{28F9BCD0-2BA2-4F38-BBEF-1ECCCABFC177}.Debug|Any CPU.ActiveCfg = Debug|Any CPU
		{28F9BCD0-2BA2-4F38-BBEF-1ECCCABFC177}.Debug|Any CPU.Build.0 = Debug|Any CPU
		{28F9BCD0-2BA2-4F38-BBEF-1ECCCABFC177}.Release|Any CPU.ActiveCfg = Release|Any CPU
		{28F9BCD0-2BA2-4F38-BBEF-1ECCCABFC177}.Release|Any CPU.Build.0 = Release|Any CPU
		{4D5A1411-3540-44AC-A64E-6E50DDDAE8E8}.Debug|Any CPU.ActiveCfg = Debug|Any CPU
		{4D5A1411-3540-44AC-A64E-6E50DDDAE8E8}.Debug|Any CPU.Build.0 = Debug|Any CPU
		{4D5A1411-3540-44AC-A64E-6E50DDDAE8E8}.Release|Any CPU.ActiveCfg = Release|Any CPU
		{4D5A1411-3540-44AC-A64E-6E50DDDAE8E8}.Release|Any CPU.Build.0 = Release|Any CPU
		{8D0B2374-A9D8-4772-BE7E-273D2A91B928}.Debug|Any CPU.ActiveCfg = Debug|Any CPU
		{8D0B2374-A9D8-4772-BE7E-273D2A91B928}.Debug|Any CPU.Build.0 = Debug|Any CPU
		{8D0B2374-A9D8-4772-BE7E-273D2A91B928}.Release|Any CPU.ActiveCfg = Release|Any CPU
		{8D0B2374-A9D8-4772-BE7E-273D2A91B928}.Release|Any CPU.Build.0 = Release|Any CPU
		{247A26E0-9219-4155-8CA8-33FE7EAD77AC}.Debug|Any CPU.ActiveCfg = Debug|Any CPU
		{247A26E0-9219-4155-8CA8-33FE7EAD77AC}.Debug|Any CPU.Build.0 = Debug|Any CPU
		{247A26E0-9219-4155-8CA8-33FE7EAD77AC}.Release|Any CPU.ActiveCfg = Release|Any CPU
		{247A26E0-9219-4155-8CA8-33FE7EAD77AC}.Release|Any CPU.Build.0 = Release|Any CPU
		{4EB17387-5B91-4287-B814-59912009926E}.Debug|Any CPU.ActiveCfg = Debug|Any CPU
		{4EB17387-5B91-4287-B814-59912009926E}.Debug|Any CPU.Build.0 = Debug|Any CPU
		{4EB17387-5B91-4287-B814-59912009926E}.Release|Any CPU.ActiveCfg = Release|Any CPU
		{4EB17387-5B91-4287-B814-59912009926E}.Release|Any CPU.Build.0 = Release|Any CPU
		{F1F52FF7-D17A-44AB-BCFF-02A9E9CF3050}.Debug|Any CPU.ActiveCfg = Debug|Any CPU
		{F1F52FF7-D17A-44AB-BCFF-02A9E9CF3050}.Debug|Any CPU.Build.0 = Debug|Any CPU
		{F1F52FF7-D17A-44AB-BCFF-02A9E9CF3050}.Release|Any CPU.ActiveCfg = Release|Any CPU
		{F1F52FF7-D17A-44AB-BCFF-02A9E9CF3050}.Release|Any CPU.Build.0 = Release|Any CPU
		{B131F57B-EFB9-4F0E-A360-AA107C879A2F}.Debug|Any CPU.ActiveCfg = Debug|Any CPU
		{B131F57B-EFB9-4F0E-A360-AA107C879A2F}.Debug|Any CPU.Build.0 = Debug|Any CPU
		{B131F57B-EFB9-4F0E-A360-AA107C879A2F}.Release|Any CPU.ActiveCfg = Release|Any CPU
		{B131F57B-EFB9-4F0E-A360-AA107C879A2F}.Release|Any CPU.Build.0 = Release|Any CPU
		{718CDE61-7D25-4096-BAEB-4FFC0A738784}.Debug|Any CPU.ActiveCfg = Debug|Any CPU
		{718CDE61-7D25-4096-BAEB-4FFC0A738784}.Debug|Any CPU.Build.0 = Debug|Any CPU
		{718CDE61-7D25-4096-BAEB-4FFC0A738784}.Release|Any CPU.ActiveCfg = Release|Any CPU
		{718CDE61-7D25-4096-BAEB-4FFC0A738784}.Release|Any CPU.Build.0 = Release|Any CPU
		{E385E29E-78CD-4D78-9D73-07C5D9E8EF9E}.Debug|Any CPU.ActiveCfg = Debug|Any CPU
		{E385E29E-78CD-4D78-9D73-07C5D9E8EF9E}.Debug|Any CPU.Build.0 = Debug|Any CPU
		{E385E29E-78CD-4D78-9D73-07C5D9E8EF9E}.Release|Any CPU.ActiveCfg = Release|Any CPU
		{E385E29E-78CD-4D78-9D73-07C5D9E8EF9E}.Release|Any CPU.Build.0 = Release|Any CPU
		{8A4C91F7-8EDD-45CC-841D-121A74D893D0}.Debug|Any CPU.ActiveCfg = Debug|Any CPU
		{8A4C91F7-8EDD-45CC-841D-121A74D893D0}.Debug|Any CPU.Build.0 = Debug|Any CPU
		{8A4C91F7-8EDD-45CC-841D-121A74D893D0}.Release|Any CPU.ActiveCfg = Release|Any CPU
		{8A4C91F7-8EDD-45CC-841D-121A74D893D0}.Release|Any CPU.Build.0 = Release|Any CPU
		{EF5F32BC-CF71-4FAA-9C92-79204D9432B3}.Debug|Any CPU.ActiveCfg = Debug|Any CPU
		{EF5F32BC-CF71-4FAA-9C92-79204D9432B3}.Debug|Any CPU.Build.0 = Debug|Any CPU
		{EF5F32BC-CF71-4FAA-9C92-79204D9432B3}.Release|Any CPU.ActiveCfg = Release|Any CPU
		{EF5F32BC-CF71-4FAA-9C92-79204D9432B3}.Release|Any CPU.Build.0 = Release|Any CPU
		{291BF069-2396-4CCE-B7C5-A2A462A115AA}.Debug|Any CPU.ActiveCfg = Debug|Any CPU
		{291BF069-2396-4CCE-B7C5-A2A462A115AA}.Debug|Any CPU.Build.0 = Debug|Any CPU
		{291BF069-2396-4CCE-B7C5-A2A462A115AA}.Release|Any CPU.ActiveCfg = Release|Any CPU
		{291BF069-2396-4CCE-B7C5-A2A462A115AA}.Release|Any CPU.Build.0 = Release|Any CPU
		{C4B38CB6-A0F3-4A6B-819C-B7CFEE28E6C4}.Debug|Any CPU.ActiveCfg = Debug|Any CPU
		{C4B38CB6-A0F3-4A6B-819C-B7CFEE28E6C4}.Debug|Any CPU.Build.0 = Debug|Any CPU
		{C4B38CB6-A0F3-4A6B-819C-B7CFEE28E6C4}.Release|Any CPU.ActiveCfg = Release|Any CPU
		{C4B38CB6-A0F3-4A6B-819C-B7CFEE28E6C4}.Release|Any CPU.Build.0 = Release|Any CPU
	EndGlobalSection
	GlobalSection(SolutionProperties) = preSolution
		HideSolutionNode = FALSE
	EndGlobalSection
	GlobalSection(NestedProjects) = preSolution
		{7F2D035B-6F7D-49EA-8272-34D8ED187B8E} = {F583A08A-F5D3-429C-86E9-5EE8828F3359}
		{81956B6E-1C0C-41EC-A507-D13EAC803E12} = {8D411C28-9DF0-4FDA-9EF0-5A1637CBF695}
		{1B6B7FB6-3063-4DDA-89AC-C9BF26A4C916} = {70212B89-B5B1-4631-A640-DBF989A1CE2D}
		{EC65FD9B-0431-4612-9BC2-E33D66B61499} = {70212B89-B5B1-4631-A640-DBF989A1CE2D}
		{28F9BCD0-2BA2-4F38-BBEF-1ECCCABFC177} = {70212B89-B5B1-4631-A640-DBF989A1CE2D}
		{4D5A1411-3540-44AC-A64E-6E50DDDAE8E8} = {92A7919C-FF84-40F8-AF58-7FA0AB5E8515}
		{8D0B2374-A9D8-4772-BE7E-273D2A91B928} = {92A7919C-FF84-40F8-AF58-7FA0AB5E8515}
		{247A26E0-9219-4155-8CA8-33FE7EAD77AC} = {92A7919C-FF84-40F8-AF58-7FA0AB5E8515}
		{4EB17387-5B91-4287-B814-59912009926E} = {AF03AE40-303B-4E66-8112-E233C4A42856}
		{F1F52FF7-D17A-44AB-BCFF-02A9E9CF3050} = {AF03AE40-303B-4E66-8112-E233C4A42856}
		{B131F57B-EFB9-4F0E-A360-AA107C879A2F} = {AF03AE40-303B-4E66-8112-E233C4A42856}
		{718CDE61-7D25-4096-BAEB-4FFC0A738784} = {008C2528-D166-470E-B853-99F36C69E808}
		{E385E29E-78CD-4D78-9D73-07C5D9E8EF9E} = {008C2528-D166-470E-B853-99F36C69E808}
		{8A4C91F7-8EDD-45CC-841D-121A74D893D0} = {008C2528-D166-470E-B853-99F36C69E808}
		{EF5F32BC-CF71-4FAA-9C92-79204D9432B3} = {8C261CF0-8113-4FFD-B069-6ED762CEDE09}
		{291BF069-2396-4CCE-B7C5-A2A462A115AA} = {8C261CF0-8113-4FFD-B069-6ED762CEDE09}
		{C4B38CB6-A0F3-4A6B-819C-B7CFEE28E6C4} = {8C261CF0-8113-4FFD-B069-6ED762CEDE09}
	EndGlobalSection
EndGlobal
